
Microsoft Visual Studio Solution File, Format Version 12.00
# Visual Studio Version 16
VisualStudioVersion = 16.0.30413.136
MinimumVisualStudioVersion = 10.0.40219.1
Project("{9A19103F-16F7-4668-BE54-9A1E7A4F7556}") = "ArmstrongNumbers", "ArmstrongNumbers.csproj", "{9BC17F13-AD76-45CB-98B0-F6229AF50F17}"
EndProject
Global
	GlobalSection(SolutionConfigurationPlatforms) = preSolution
		Debug|Any CPU = Debug|Any CPU
		Release|Any CPU = Release|Any CPU
	EndGlobalSection
	GlobalSection(ProjectConfigurationPlatforms) = postSolution
		{9BC17F13-AD76-45CB-98B0-F6229AF50F17}.Debug|Any CPU.ActiveCfg = Debug|Any CPU
		{9BC17F13-AD76-45CB-98B0-F6229AF50F17}.Debug|Any CPU.Build.0 = Debug|Any CPU
		{9BC17F13-AD76-45CB-98B0-F6229AF50F17}.Release|Any CPU.ActiveCfg = Release|Any CPU
		{9BC17F13-AD76-45CB-98B0-F6229AF50F17}.Release|Any CPU.Build.0 = Release|Any CPU
	EndGlobalSection
	GlobalSection(SolutionProperties) = preSolution
		HideSolutionNode = FALSE
	EndGlobalSection
	GlobalSection(ExtensibilityGlobals) = postSolution
		SolutionGuid = {48EA405C-491B-4415-802A-5C578CFE1163}
	EndGlobalSection
EndGlobal
