
Microsoft Visual Studio Solution File, Format Version 12.00
# Visual Studio Version 16
VisualStudioVersion = 16.0.30413.136
MinimumVisualStudioVersion = 10.0.40219.1
Project("{9A19103F-16F7-4668-BE54-9A1E7A4F7556}") = "Accumulate", "Accumulate.csproj", "{2631CFDE-547F-435D-B367-F93196F366C7}"
EndProject
Global
	GlobalSection(SolutionConfigurationPlatforms) = preSolution
		Debug|Any CPU = Debug|Any CPU
		Release|Any CPU = Release|Any CPU
	EndGlobalSection
	GlobalSection(ProjectConfigurationPlatforms) = postSolution
		{2631CFDE-547F-435D-B367-F93196F366C7}.Debug|Any CPU.ActiveCfg = Debug|Any CPU
		{2631CFDE-547F-435D-B367-F93196F366C7}.Debug|Any CPU.Build.0 = Debug|Any CPU
		{2631CFDE-547F-435D-B367-F93196F366C7}.Release|Any CPU.ActiveCfg = Release|Any CPU
		{2631CFDE-547F-435D-B367-F93196F366C7}.Release|Any CPU.Build.0 = Release|Any CPU
	EndGlobalSection
	GlobalSection(SolutionProperties) = preSolution
		HideSolutionNode = FALSE
	EndGlobalSection
	GlobalSection(ExtensibilityGlobals) = postSolution
		SolutionGuid = {49EDF7CE-BA7E-4747-B786-CB2ACEDDE728}
	EndGlobalSection
EndGlobal
