
Microsoft Visual Studio Solution File, Format Version 12.00
# Visual Studio Version 16
VisualStudioVersion = 16.0.30413.136
MinimumVisualStudioVersion = 10.0.40219.1
Project("{9A19103F-16F7-4668-BE54-9A1E7A4F7556}") = "HighScores", "HighScores.csproj", "{1F60D46E-7C80-4718-8B45-CE5C61CDAA4F}"
EndProject
Global
	GlobalSection(SolutionConfigurationPlatforms) = preSolution
		Debug|Any CPU = Debug|Any CPU
		Release|Any CPU = Release|Any CPU
	EndGlobalSection
	GlobalSection(ProjectConfigurationPlatforms) = postSolution
		{1F60D46E-7C80-4718-8B45-CE5C61CDAA4F}.Debug|Any CPU.ActiveCfg = Debug|Any CPU
		{1F60D46E-7C80-4718-8B45-CE5C61CDAA4F}.Debug|Any CPU.Build.0 = Debug|Any CPU
		{1F60D46E-7C80-4718-8B45-CE5C61CDAA4F}.Release|Any CPU.ActiveCfg = Release|Any CPU
		{1F60D46E-7C80-4718-8B45-CE5C61CDAA4F}.Release|Any CPU.Build.0 = Release|Any CPU
	EndGlobalSection
	GlobalSection(SolutionProperties) = preSolution
		HideSolutionNode = FALSE
	EndGlobalSection
	GlobalSection(ExtensibilityGlobals) = postSolution
		SolutionGuid = {65286CC4-D126-4F5B-8BED-0E49541D4BF1}
	EndGlobalSection
EndGlobal
