
Microsoft Visual Studio Solution File, Format Version 12.00
# Visual Studio Version 16
VisualStudioVersion = 16.0.30413.136
MinimumVisualStudioVersion = 10.0.40219.1
Project("{9A19103F-16F7-4668-BE54-9A1E7A4F7556}") = "BinarySearch", "BinarySearch.csproj", "{AFB845EC-5001-40C2-B04A-02B1F41D1EA1}"
EndProject
Global
	GlobalSection(SolutionConfigurationPlatforms) = preSolution
		Debug|Any CPU = Debug|Any CPU
		Release|Any CPU = Release|Any CPU
	EndGlobalSection
	GlobalSection(ProjectConfigurationPlatforms) = postSolution
		{AFB845EC-5001-40C2-B04A-02B1F41D1EA1}.Debug|Any CPU.ActiveCfg = Debug|Any CPU
		{AFB845EC-5001-40C2-B04A-02B1F41D1EA1}.Debug|Any CPU.Build.0 = Debug|Any CPU
		{AFB845EC-5001-40C2-B04A-02B1F41D1EA1}.Release|Any CPU.ActiveCfg = Release|Any CPU
		{AFB845EC-5001-40C2-B04A-02B1F41D1EA1}.Release|Any CPU.Build.0 = Release|Any CPU
	EndGlobalSection
	GlobalSection(SolutionProperties) = preSolution
		HideSolutionNode = FALSE
	EndGlobalSection
	GlobalSection(ExtensibilityGlobals) = postSolution
		SolutionGuid = {D430AB02-957F-4CCA-918F-7C04045A4D37}
	EndGlobalSection
EndGlobal
