
Microsoft Visual Studio Solution File, Format Version 12.00
# Visual Studio Version 16
VisualStudioVersion = 16.0.30413.136
MinimumVisualStudioVersion = 10.0.40219.1
Project("{9A19103F-16F7-4668-BE54-9A1E7A4F7556}") = "DifferenceOfSquares", "DifferenceOfSquares.csproj", "{0E9B441B-A05E-4986-8091-E3DA5BFDB6E7}"
EndProject
Global
	GlobalSection(SolutionConfigurationPlatforms) = preSolution
		Debug|Any CPU = Debug|Any CPU
		Release|Any CPU = Release|Any CPU
	EndGlobalSection
	GlobalSection(ProjectConfigurationPlatforms) = postSolution
		{0E9B441B-A05E-4986-8091-E3DA5BFDB6E7}.Debug|Any CPU.ActiveCfg = Debug|Any CPU
		{0E9B441B-A05E-4986-8091-E3DA5BFDB6E7}.Debug|Any CPU.Build.0 = Debug|Any CPU
		{0E9B441B-A05E-4986-8091-E3DA5BFDB6E7}.Release|Any CPU.ActiveCfg = Release|Any CPU
		{0E9B441B-A05E-4986-8091-E3DA5BFDB6E7}.Release|Any CPU.Build.0 = Release|Any CPU
	EndGlobalSection
	GlobalSection(SolutionProperties) = preSolution
		HideSolutionNode = FALSE
	EndGlobalSection
	GlobalSection(ExtensibilityGlobals) = postSolution
		SolutionGuid = {3245E215-B5A1-4409-BA30-8C8C7FBD54AE}
	EndGlobalSection
EndGlobal
